
Microsoft Visual Studio Solution File, Format Version 12.00
# Visual Studio Version 17
VisualStudioVersion = 17.8.34330.188
MinimumVisualStudioVersion = 10.0.40219.1
Project("{FAE04EC0-301F-11D3-BF4B-00C04F79EFBC}") = "Vehiculo.UX", "Vehiculo.UX\Vehiculo.UX.csproj", "{99248193-D466-434D-BEE1-6AF62426A9F2}"
EndProject
Project("{FAE04EC0-301F-11D3-BF4B-00C04F79EFBC}") = "Vehiculo.Logic", "Vehiculo.Logic\Vehiculo.Logic.csproj", "{71F1A5FC-7B4F-498E-9EBD-0F01447294A7}"
EndProject
Global
	GlobalSection(SolutionConfigurationPlatforms) = preSolution
		Debug|Any CPU = Debug|Any CPU
		Release|Any CPU = Release|Any CPU
	EndGlobalSection
	GlobalSection(ProjectConfigurationPlatforms) = postSolution
		{99248193-D466-434D-BEE1-6AF62426A9F2}.Debug|Any CPU.ActiveCfg = Debug|Any CPU
		{99248193-D466-434D-BEE1-6AF62426A9F2}.Debug|Any CPU.Build.0 = Debug|Any CPU
		{99248193-D466-434D-BEE1-6AF62426A9F2}.Release|Any CPU.ActiveCfg = Release|Any CPU
		{99248193-D466-434D-BEE1-6AF62426A9F2}.Release|Any CPU.Build.0 = Release|Any CPU
		{71F1A5FC-7B4F-498E-9EBD-0F01447294A7}.Debug|Any CPU.ActiveCfg = Debug|Any CPU
		{71F1A5FC-7B4F-498E-9EBD-0F01447294A7}.Debug|Any CPU.Build.0 = Debug|Any CPU
		{71F1A5FC-7B4F-498E-9EBD-0F01447294A7}.Release|Any CPU.ActiveCfg = Release|Any CPU
		{71F1A5FC-7B4F-498E-9EBD-0F01447294A7}.Release|Any CPU.Build.0 = Release|Any CPU
	EndGlobalSection
	GlobalSection(SolutionProperties) = preSolution
		HideSolutionNode = FALSE
	EndGlobalSection
	GlobalSection(ExtensibilityGlobals) = postSolution
		SolutionGuid = {301D7231-D48D-4E26-B403-F0825116B112}
	EndGlobalSection
EndGlobal
